
Microsoft Visual Studio Solution File, Format Version 12.00
# Visual Studio 15
VisualStudioVersion = 15.0.26124.0
MinimumVisualStudioVersion = 15.0.26124.0
Project("{FAE04EC0-301F-11D3-BF4B-00C04F79EFBC}") = "Domain", "Domain\Domain.csproj", "{A7F073A9-6FA9-4717-A962-5B8C2C6B99E5}"
EndProject
Project("{FAE04EC0-301F-11D3-BF4B-00C04F79EFBC}") = "Application", "Application\Application.csproj", "{4C37783F-5D23-4A2A-9D5C-40773BC4F9A7}"
EndProject
Project("{FAE04EC0-301F-11D3-BF4B-00C04F79EFBC}") = "Persistence", "Persistence\Persistence.csproj", "{6E2DE9C4-9A03-42E5-B66B-29A6F1DCFE57}"
EndProject
Project("{FAE04EC0-301F-11D3-BF4B-00C04F79EFBC}") = "API", "API\API.csproj", "{F3549669-CE69-4BCC-9830-514E229D6D96}"
EndProject
Global
	GlobalSection(SolutionConfigurationPlatforms) = preSolution
		Debug|Any CPU = Debug|Any CPU
		Debug|x64 = Debug|x64
		Debug|x86 = Debug|x86
		Release|Any CPU = Release|Any CPU
		Release|x64 = Release|x64
		Release|x86 = Release|x86
	EndGlobalSection
	GlobalSection(SolutionProperties) = preSolution
		HideSolutionNode = FALSE
	EndGlobalSection
	GlobalSection(ProjectConfigurationPlatforms) = postSolution
		{A7F073A9-6FA9-4717-A962-5B8C2C6B99E5}.Debug|Any CPU.ActiveCfg = Debug|Any CPU
		{A7F073A9-6FA9-4717-A962-5B8C2C6B99E5}.Debug|Any CPU.Build.0 = Debug|Any CPU
		{A7F073A9-6FA9-4717-A962-5B8C2C6B99E5}.Debug|x64.ActiveCfg = Debug|Any CPU
		{A7F073A9-6FA9-4717-A962-5B8C2C6B99E5}.Debug|x64.Build.0 = Debug|Any CPU
		{A7F073A9-6FA9-4717-A962-5B8C2C6B99E5}.Debug|x86.ActiveCfg = Debug|Any CPU
		{A7F073A9-6FA9-4717-A962-5B8C2C6B99E5}.Debug|x86.Build.0 = Debug|Any CPU
		{A7F073A9-6FA9-4717-A962-5B8C2C6B99E5}.Release|Any CPU.ActiveCfg = Release|Any CPU
		{A7F073A9-6FA9-4717-A962-5B8C2C6B99E5}.Release|Any CPU.Build.0 = Release|Any CPU
		{A7F073A9-6FA9-4717-A962-5B8C2C6B99E5}.Release|x64.ActiveCfg = Release|Any CPU
		{A7F073A9-6FA9-4717-A962-5B8C2C6B99E5}.Release|x64.Build.0 = Release|Any CPU
		{A7F073A9-6FA9-4717-A962-5B8C2C6B99E5}.Release|x86.ActiveCfg = Release|Any CPU
		{A7F073A9-6FA9-4717-A962-5B8C2C6B99E5}.Release|x86.Build.0 = Release|Any CPU
		{4C37783F-5D23-4A2A-9D5C-40773BC4F9A7}.Debug|Any CPU.ActiveCfg = Debug|Any CPU
		{4C37783F-5D23-4A2A-9D5C-40773BC4F9A7}.Debug|Any CPU.Build.0 = Debug|Any CPU
		{4C37783F-5D23-4A2A-9D5C-40773BC4F9A7}.Debug|x64.ActiveCfg = Debug|Any CPU
		{4C37783F-5D23-4A2A-9D5C-40773BC4F9A7}.Debug|x64.Build.0 = Debug|Any CPU
		{4C37783F-5D23-4A2A-9D5C-40773BC4F9A7}.Debug|x86.ActiveCfg = Debug|Any CPU
		{4C37783F-5D23-4A2A-9D5C-40773BC4F9A7}.Debug|x86.Build.0 = Debug|Any CPU
		{4C37783F-5D23-4A2A-9D5C-40773BC4F9A7}.Release|Any CPU.ActiveCfg = Release|Any CPU
		{4C37783F-5D23-4A2A-9D5C-40773BC4F9A7}.Release|Any CPU.Build.0 = Release|Any CPU
		{4C37783F-5D23-4A2A-9D5C-40773BC4F9A7}.Release|x64.ActiveCfg = Release|Any CPU
		{4C37783F-5D23-4A2A-9D5C-40773BC4F9A7}.Release|x64.Build.0 = Release|Any CPU
		{4C37783F-5D23-4A2A-9D5C-40773BC4F9A7}.Release|x86.ActiveCfg = Release|Any CPU
		{4C37783F-5D23-4A2A-9D5C-40773BC4F9A7}.Release|x86.Build.0 = Release|Any CPU
		{6E2DE9C4-9A03-42E5-B66B-29A6F1DCFE57}.Debug|Any CPU.ActiveCfg = Debug|Any CPU
		{6E2DE9C4-9A03-42E5-B66B-29A6F1DCFE57}.Debug|Any CPU.Build.0 = Debug|Any CPU
		{6E2DE9C4-9A03-42E5-B66B-29A6F1DCFE57}.Debug|x64.ActiveCfg = Debug|Any CPU
		{6E2DE9C4-9A03-42E5-B66B-29A6F1DCFE57}.Debug|x64.Build.0 = Debug|Any CPU
		{6E2DE9C4-9A03-42E5-B66B-29A6F1DCFE57}.Debug|x86.ActiveCfg = Debug|Any CPU
		{6E2DE9C4-9A03-42E5-B66B-29A6F1DCFE57}.Debug|x86.Build.0 = Debug|Any CPU
		{6E2DE9C4-9A03-42E5-B66B-29A6F1DCFE57}.Release|Any CPU.ActiveCfg = Release|Any CPU
		{6E2DE9C4-9A03-42E5-B66B-29A6F1DCFE57}.Release|Any CPU.Build.0 = Release|Any CPU
		{6E2DE9C4-9A03-42E5-B66B-29A6F1DCFE57}.Release|x64.ActiveCfg = Release|Any CPU
		{6E2DE9C4-9A03-42E5-B66B-29A6F1DCFE57}.Release|x64.Build.0 = Release|Any CPU
		{6E2DE9C4-9A03-42E5-B66B-29A6F1DCFE57}.Release|x86.ActiveCfg = Release|Any CPU
		{6E2DE9C4-9A03-42E5-B66B-29A6F1DCFE57}.Release|x86.Build.0 = Release|Any CPU
		{F3549669-CE69-4BCC-9830-514E229D6D96}.Debug|Any CPU.ActiveCfg = Debug|Any CPU
		{F3549669-CE69-4BCC-9830-514E229D6D96}.Debug|Any CPU.Build.0 = Debug|Any CPU
		{F3549669-CE69-4BCC-9830-514E229D6D96}.Debug|x64.ActiveCfg = Debug|Any CPU
		{F3549669-CE69-4BCC-9830-514E229D6D96}.Debug|x64.Build.0 = Debug|Any CPU
		{F3549669-CE69-4BCC-9830-514E229D6D96}.Debug|x86.ActiveCfg = Debug|Any CPU
		{F3549669-CE69-4BCC-9830-514E229D6D96}.Debug|x86.Build.0 = Debug|Any CPU
		{F3549669-CE69-4BCC-9830-514E229D6D96}.Release|Any CPU.ActiveCfg = Release|Any CPU
		{F3549669-CE69-4BCC-9830-514E229D6D96}.Release|Any CPU.Build.0 = Release|Any CPU
		{F3549669-CE69-4BCC-9830-514E229D6D96}.Release|x64.ActiveCfg = Release|Any CPU
		{F3549669-CE69-4BCC-9830-514E229D6D96}.Release|x64.Build.0 = Release|Any CPU
		{F3549669-CE69-4BCC-9830-514E229D6D96}.Release|x86.ActiveCfg = Release|Any CPU
		{F3549669-CE69-4BCC-9830-514E229D6D96}.Release|x86.Build.0 = Release|Any CPU
	EndGlobalSection
EndGlobal
